
Microsoft Visual Studio Solution File, Format Version 12.00
# Visual Studio Version 16
VisualStudioVersion = 16.0.32002.261
MinimumVisualStudioVersion = 10.0.40219.1
Project("{FAE04EC0-301F-11D3-BF4B-00C04F79EFBC}") = "Screening", "Screening\Screening.csproj", "{041A3CF5-B380-4D3B-BC7A-5C649175A08E}"
EndProject
Project("{FAE04EC0-301F-11D3-BF4B-00C04F79EFBC}") = "Part3", "Part3\Part3.csproj", "{8BC980AF-8114-4000-8625-5FAC02A77121}"
EndProject
Global
	GlobalSection(SolutionConfigurationPlatforms) = preSolution
		Debug|Any CPU = Debug|Any CPU
		Release|Any CPU = Release|Any CPU
	EndGlobalSection
	GlobalSection(ProjectConfigurationPlatforms) = postSolution
		{041A3CF5-B380-4D3B-BC7A-5C649175A08E}.Debug|Any CPU.ActiveCfg = Debug|Any CPU
		{041A3CF5-B380-4D3B-BC7A-5C649175A08E}.Debug|Any CPU.Build.0 = Debug|Any CPU
		{041A3CF5-B380-4D3B-BC7A-5C649175A08E}.Release|Any CPU.ActiveCfg = Release|Any CPU
		{041A3CF5-B380-4D3B-BC7A-5C649175A08E}.Release|Any CPU.Build.0 = Release|Any CPU
		{8BC980AF-8114-4000-8625-5FAC02A77121}.Debug|Any CPU.ActiveCfg = Debug|Any CPU
		{8BC980AF-8114-4000-8625-5FAC02A77121}.Debug|Any CPU.Build.0 = Debug|Any CPU
		{8BC980AF-8114-4000-8625-5FAC02A77121}.Release|Any CPU.ActiveCfg = Release|Any CPU
		{8BC980AF-8114-4000-8625-5FAC02A77121}.Release|Any CPU.Build.0 = Release|Any CPU
	EndGlobalSection
	GlobalSection(SolutionProperties) = preSolution
		HideSolutionNode = FALSE
	EndGlobalSection
	GlobalSection(ExtensibilityGlobals) = postSolution
		SolutionGuid = {8D8288BA-3D0C-42BD-876F-62C7AB147C00}
	EndGlobalSection
EndGlobal
